
Microsoft Visual Studio Solution File, Format Version 12.00
# Visual Studio Version 17
VisualStudioVersion = 17.10.34928.147
MinimumVisualStudioVersion = 10.0.40219.1
Project("{FAE04EC0-301F-11D3-BF4B-00C04F79EFBC}") = "WorkoutManager", "WorkoutManager\WorkoutManager.csproj", "{872A62CF-0AFF-432E-AA2D-9465BE86C401}"
EndProject
Global
	GlobalSection(SolutionConfigurationPlatforms) = preSolution
		Debug|Any CPU = Debug|Any CPU
		Release|Any CPU = Release|Any CPU
	EndGlobalSection
	GlobalSection(ProjectConfigurationPlatforms) = postSolution
		{872A62CF-0AFF-432E-AA2D-9465BE86C401}.Debug|Any CPU.ActiveCfg = Debug|Any CPU
		{872A62CF-0AFF-432E-AA2D-9465BE86C401}.Debug|Any CPU.Build.0 = Debug|Any CPU
		{872A62CF-0AFF-432E-AA2D-9465BE86C401}.Release|Any CPU.ActiveCfg = Release|Any CPU
		{872A62CF-0AFF-432E-AA2D-9465BE86C401}.Release|Any CPU.Build.0 = Release|Any CPU
	EndGlobalSection
	GlobalSection(SolutionProperties) = preSolution
		HideSolutionNode = FALSE
	EndGlobalSection
	GlobalSection(ExtensibilityGlobals) = postSolution
		SolutionGuid = {635BA2CB-1DD7-403A-B9FE-7F323C27C0A5}
	EndGlobalSection
EndGlobal
